{
  "name": "zjun",
  "version": "1.0.0",
  "lockfileVersion": 1,
  "requires": true,
  "dependencies": {
    "miniprogram-barrage": {
      "version": "1.1.1",
      "resolved": "https://registry.npmjs.org/miniprogram-barrage/-/miniprogram-barrage-1.1.1.tgz",
      "integrity": "sha512-wizWzbKOXHiSiWB/WU85eqlAG+mo7G9RwwZBhoCZIgg3ASgEfcCKAr65UaJfttQSFkw8eKKDX9iFCqMGntn3GA=="
    }
  }
}
